
Microsoft Visual Studio Solution File, Format Version 12.00
# Visual Studio 15
VisualStudioVersion = 15.0.26124.0
MinimumVisualStudioVersion = 15.0.26124.0
Project("{9A19103F-16F7-4668-BE54-9A1E7A4F7556}") = "R5T.Tromso.Host.Construction", "R5T.Tromso.Host.Construction\R5T.Tromso.Host.Construction.csproj", "{4CBF27FC-1A42-446B-AD0C-A1B34AD92ECF}"
EndProject
Project("{9A19103F-16F7-4668-BE54-9A1E7A4F7556}") = "R5T.Tromso.Host", "R5T.Tromso.Host\R5T.Tromso.Host.csproj", "{74716DC7-5D00-4B8D-89F2-FC82090FD841}"
EndProject
Project("{9A19103F-16F7-4668-BE54-9A1E7A4F7556}") = "R5T.Tromso.Host.Testing", "R5T.Tromso.Host.Testing\R5T.Tromso.Host.Testing.csproj", "{86EC6E0A-8EBD-4321-83CE-21088ACF591D}"
EndProject
Project("{2150E333-8FDC-42A3-9474-1A3956D46DE8}") = "_Dependencies", "_Dependencies", "{A13AB492-9137-4028-AEDF-DB1E58267EF7}"
EndProject
Project("{9A19103F-16F7-4668-BE54-9A1E7A4F7556}") = "R5T.Tromso.Startup", "..\..\R5T.Tromso.Startup\source\R5T.Tromso.Startup\R5T.Tromso.Startup.csproj", "{985935C1-7843-443D-A258-ACF2C2D0BAE2}"
EndProject
Project("{9A19103F-16F7-4668-BE54-9A1E7A4F7556}") = "R5T.Harstad", "..\..\R5T.Harstad\source\R5T.Harstad\R5T.Harstad.csproj", "{0D9CEDEE-B500-4D7F-BE8D-34AE92966A57}"
EndProject
Project("{9A19103F-16F7-4668-BE54-9A1E7A4F7556}") = "R5T.Exeter", "..\..\R5T.Exeter\source\R5T.Exeter\R5T.Exeter.csproj", "{5EFEB2BD-9B16-4BC8-A8C6-C01CC3693ECE}"
EndProject
Project("{9A19103F-16F7-4668-BE54-9A1E7A4F7556}") = "R5T.Chamavia.Extensions", "..\..\R5T.Chamavia.Extensions\source\R5T.Chamavia.Extensions\R5T.Chamavia.Extensions.csproj", "{D0072AF5-674B-4C41-A108-A7EF5F440349}"
EndProject
Project("{9A19103F-16F7-4668-BE54-9A1E7A4F7556}") = "R5T.Chamavia", "..\..\R5T.Chamavia\source\R5T.Chamavia\R5T.Chamavia.csproj", "{3502296B-E1D4-4B5B-8DE6-F5CE984937A6}"
EndProject
Project("{9A19103F-16F7-4668-BE54-9A1E7A4F7556}") = "R5T.Dacia.Extensions", "..\..\R5T.Dacia.Extensions\source\R5T.Dacia.Extensions\R5T.Dacia.Extensions.csproj", "{51ADEC64-9FDF-4015-9F5B-823DF6D76792}"
EndProject
Project("{9A19103F-16F7-4668-BE54-9A1E7A4F7556}") = "R5T.Dacia", "..\..\R5T.Dacia\source\R5T.Dacia\R5T.Dacia.csproj", "{C01C3A85-B482-4131-BCDD-7EE7C2A1F5D9}"
EndProject
Project("{9A19103F-16F7-4668-BE54-9A1E7A4F7556}") = "R5T.Langobard.Extensions", "..\..\R5T.Langobard.Extensions\source\R5T.Langobard.Extensions\R5T.Langobard.Extensions.csproj", "{A44D2E7B-818E-42ED-B7D3-C16AD68ACA0F}"
EndProject
Project("{9A19103F-16F7-4668-BE54-9A1E7A4F7556}") = "R5T.Langobard", "..\..\R5T.Langobard\source\R5T.Langobard\R5T.Langobard.csproj", "{02904983-D261-4F2C-8E21-75D33E63C4B0}"
EndProject
Project("{9A19103F-16F7-4668-BE54-9A1E7A4F7556}") = "R5T.Richmond.Abstractions", "..\..\R5T.Richmond.Abstractions\source\R5T.Richmond.Abstractions\R5T.Richmond.Abstractions.csproj", "{D2E126C4-3BA4-43E9-AF5D-B023253EA41F}"
EndProject
Project("{9A19103F-16F7-4668-BE54-9A1E7A4F7556}") = "R5T.Tromso.Abstractions", "..\..\R5T.Tromso.Abstractions\source\R5T.Tromso.Abstractions\R5T.Tromso.Abstractions.csproj", "{B391DF5D-D011-4544-A25E-FED0BB647E24}"
EndProject
Project("{9A19103F-16F7-4668-BE54-9A1E7A4F7556}") = "R5T.Tromso.Types", "..\..\R5T.Tromso.Types\source\R5T.Tromso.Types\R5T.Tromso.Types.csproj", "{55493C90-237F-4C16-BE0C-1FEC7D6CCEE1}"
EndProject
Global
	GlobalSection(SolutionConfigurationPlatforms) = preSolution
		Debug|Any CPU = Debug|Any CPU
		Debug|x64 = Debug|x64
		Debug|x86 = Debug|x86
		Release|Any CPU = Release|Any CPU
		Release|x64 = Release|x64
		Release|x86 = Release|x86
	EndGlobalSection
	GlobalSection(ProjectConfigurationPlatforms) = postSolution
		{4CBF27FC-1A42-446B-AD0C-A1B34AD92ECF}.Debug|Any CPU.ActiveCfg = Debug|Any CPU
		{4CBF27FC-1A42-446B-AD0C-A1B34AD92ECF}.Debug|Any CPU.Build.0 = Debug|Any CPU
		{4CBF27FC-1A42-446B-AD0C-A1B34AD92ECF}.Debug|x64.ActiveCfg = Debug|Any CPU
		{4CBF27FC-1A42-446B-AD0C-A1B34AD92ECF}.Debug|x64.Build.0 = Debug|Any CPU
		{4CBF27FC-1A42-446B-AD0C-A1B34AD92ECF}.Debug|x86.ActiveCfg = Debug|Any CPU
		{4CBF27FC-1A42-446B-AD0C-A1B34AD92ECF}.Debug|x86.Build.0 = Debug|Any CPU
		{4CBF27FC-1A42-446B-AD0C-A1B34AD92ECF}.Release|Any CPU.ActiveCfg = Release|Any CPU
		{4CBF27FC-1A42-446B-AD0C-A1B34AD92ECF}.Release|Any CPU.Build.0 = Release|Any CPU
		{4CBF27FC-1A42-446B-AD0C-A1B34AD92ECF}.Release|x64.ActiveCfg = Release|Any CPU
		{4CBF27FC-1A42-446B-AD0C-A1B34AD92ECF}.Release|x64.Build.0 = Release|Any CPU
		{4CBF27FC-1A42-446B-AD0C-A1B34AD92ECF}.Release|x86.ActiveCfg = Release|Any CPU
		{4CBF27FC-1A42-446B-AD0C-A1B34AD92ECF}.Release|x86.Build.0 = Release|Any CPU
		{74716DC7-5D00-4B8D-89F2-FC82090FD841}.Debug|Any CPU.ActiveCfg = Debug|Any CPU
		{74716DC7-5D00-4B8D-89F2-FC82090FD841}.Debug|Any CPU.Build.0 = Debug|Any CPU
		{74716DC7-5D00-4B8D-89F2-FC82090FD841}.Debug|x64.ActiveCfg = Debug|Any CPU
		{74716DC7-5D00-4B8D-89F2-FC82090FD841}.Debug|x64.Build.0 = Debug|Any CPU
		{74716DC7-5D00-4B8D-89F2-FC82090FD841}.Debug|x86.ActiveCfg = Debug|Any CPU
		{74716DC7-5D00-4B8D-89F2-FC82090FD841}.Debug|x86.Build.0 = Debug|Any CPU
		{74716DC7-5D00-4B8D-89F2-FC82090FD841}.Release|Any CPU.ActiveCfg = Release|Any CPU
		{74716DC7-5D00-4B8D-89F2-FC82090FD841}.Release|Any CPU.Build.0 = Release|Any CPU
		{74716DC7-5D00-4B8D-89F2-FC82090FD841}.Release|x64.ActiveCfg = Release|Any CPU
		{74716DC7-5D00-4B8D-89F2-FC82090FD841}.Release|x64.Build.0 = Release|Any CPU
		{74716DC7-5D00-4B8D-89F2-FC82090FD841}.Release|x86.ActiveCfg = Release|Any CPU
		{74716DC7-5D00-4B8D-89F2-FC82090FD841}.Release|x86.Build.0 = Release|Any CPU
		{86EC6E0A-8EBD-4321-83CE-21088ACF591D}.Debug|Any CPU.ActiveCfg = Debug|Any CPU
		{86EC6E0A-8EBD-4321-83CE-21088ACF591D}.Debug|Any CPU.Build.0 = Debug|Any CPU
		{86EC6E0A-8EBD-4321-83CE-21088ACF591D}.Debug|x64.ActiveCfg = Debug|Any CPU
		{86EC6E0A-8EBD-4321-83CE-21088ACF591D}.Debug|x64.Build.0 = Debug|Any CPU
		{86EC6E0A-8EBD-4321-83CE-21088ACF591D}.Debug|x86.ActiveCfg = Debug|Any CPU
		{86EC6E0A-8EBD-4321-83CE-21088ACF591D}.Debug|x86.Build.0 = Debug|Any CPU
		{86EC6E0A-8EBD-4321-83CE-21088ACF591D}.Release|Any CPU.ActiveCfg = Release|Any CPU
		{86EC6E0A-8EBD-4321-83CE-21088ACF591D}.Release|Any CPU.Build.0 = Release|Any CPU
		{86EC6E0A-8EBD-4321-83CE-21088ACF591D}.Release|x64.ActiveCfg = Release|Any CPU
		{86EC6E0A-8EBD-4321-83CE-21088ACF591D}.Release|x64.Build.0 = Release|Any CPU
		{86EC6E0A-8EBD-4321-83CE-21088ACF591D}.Release|x86.ActiveCfg = Release|Any CPU
		{86EC6E0A-8EBD-4321-83CE-21088ACF591D}.Release|x86.Build.0 = Release|Any CPU
		{985935C1-7843-443D-A258-ACF2C2D0BAE2}.Debug|Any CPU.ActiveCfg = Debug|Any CPU
		{985935C1-7843-443D-A258-ACF2C2D0BAE2}.Debug|Any CPU.Build.0 = Debug|Any CPU
		{985935C1-7843-443D-A258-ACF2C2D0BAE2}.Debug|x64.ActiveCfg = Debug|Any CPU
		{985935C1-7843-443D-A258-ACF2C2D0BAE2}.Debug|x64.Build.0 = Debug|Any CPU
		{985935C1-7843-443D-A258-ACF2C2D0BAE2}.Debug|x86.ActiveCfg = Debug|Any CPU
		{985935C1-7843-443D-A258-ACF2C2D0BAE2}.Debug|x86.Build.0 = Debug|Any CPU
		{985935C1-7843-443D-A258-ACF2C2D0BAE2}.Release|Any CPU.ActiveCfg = Release|Any CPU
		{985935C1-7843-443D-A258-ACF2C2D0BAE2}.Release|Any CPU.Build.0 = Release|Any CPU
		{985935C1-7843-443D-A258-ACF2C2D0BAE2}.Release|x64.ActiveCfg = Release|Any CPU
		{985935C1-7843-443D-A258-ACF2C2D0BAE2}.Release|x64.Build.0 = Release|Any CPU
		{985935C1-7843-443D-A258-ACF2C2D0BAE2}.Release|x86.ActiveCfg = Release|Any CPU
		{985935C1-7843-443D-A258-ACF2C2D0BAE2}.Release|x86.Build.0 = Release|Any CPU
		{0D9CEDEE-B500-4D7F-BE8D-34AE92966A57}.Debug|Any CPU.ActiveCfg = Debug|Any CPU
		{0D9CEDEE-B500-4D7F-BE8D-34AE92966A57}.Debug|Any CPU.Build.0 = Debug|Any CPU
		{0D9CEDEE-B500-4D7F-BE8D-34AE92966A57}.Debug|x64.ActiveCfg = Debug|Any CPU
		{0D9CEDEE-B500-4D7F-BE8D-34AE92966A57}.Debug|x64.Build.0 = Debug|Any CPU
		{0D9CEDEE-B500-4D7F-BE8D-34AE92966A57}.Debug|x86.ActiveCfg = Debug|Any CPU
		{0D9CEDEE-B500-4D7F-BE8D-34AE92966A57}.Debug|x86.Build.0 = Debug|Any CPU
		{0D9CEDEE-B500-4D7F-BE8D-34AE92966A57}.Release|Any CPU.ActiveCfg = Release|Any CPU
		{0D9CEDEE-B500-4D7F-BE8D-34AE92966A57}.Release|Any CPU.Build.0 = Release|Any CPU
		{0D9CEDEE-B500-4D7F-BE8D-34AE92966A57}.Release|x64.ActiveCfg = Release|Any CPU
		{0D9CEDEE-B500-4D7F-BE8D-34AE92966A57}.Release|x64.Build.0 = Release|Any CPU
		{0D9CEDEE-B500-4D7F-BE8D-34AE92966A57}.Release|x86.ActiveCfg = Release|Any CPU
		{0D9CEDEE-B500-4D7F-BE8D-34AE92966A57}.Release|x86.Build.0 = Release|Any CPU
		{5EFEB2BD-9B16-4BC8-A8C6-C01CC3693ECE}.Debug|Any CPU.ActiveCfg = Debug|Any CPU
		{5EFEB2BD-9B16-4BC8-A8C6-C01CC3693ECE}.Debug|Any CPU.Build.0 = Debug|Any CPU
		{5EFEB2BD-9B16-4BC8-A8C6-C01CC3693ECE}.Debug|x64.ActiveCfg = Debug|Any CPU
		{5EFEB2BD-9B16-4BC8-A8C6-C01CC3693ECE}.Debug|x64.Build.0 = Debug|Any CPU
		{5EFEB2BD-9B16-4BC8-A8C6-C01CC3693ECE}.Debug|x86.ActiveCfg = Debug|Any CPU
		{5EFEB2BD-9B16-4BC8-A8C6-C01CC3693ECE}.Debug|x86.Build.0 = Debug|Any CPU
		{5EFEB2BD-9B16-4BC8-A8C6-C01CC3693ECE}.Release|Any CPU.ActiveCfg = Release|Any CPU
		{5EFEB2BD-9B16-4BC8-A8C6-C01CC3693ECE}.Release|Any CPU.Build.0 = Release|Any CPU
		{5EFEB2BD-9B16-4BC8-A8C6-C01CC3693ECE}.Release|x64.ActiveCfg = Release|Any CPU
		{5EFEB2BD-9B16-4BC8-A8C6-C01CC3693ECE}.Release|x64.Build.0 = Release|Any CPU
		{5EFEB2BD-9B16-4BC8-A8C6-C01CC3693ECE}.Release|x86.ActiveCfg = Release|Any CPU
		{5EFEB2BD-9B16-4BC8-A8C6-C01CC3693ECE}.Release|x86.Build.0 = Release|Any CPU
		{D0072AF5-674B-4C41-A108-A7EF5F440349}.Debug|Any CPU.ActiveCfg = Debug|Any CPU
		{D0072AF5-674B-4C41-A108-A7EF5F440349}.Debug|Any CPU.Build.0 = Debug|Any CPU
		{D0072AF5-674B-4C41-A108-A7EF5F440349}.Debug|x64.ActiveCfg = Debug|Any CPU
		{D0072AF5-674B-4C41-A108-A7EF5F440349}.Debug|x64.Build.0 = Debug|Any CPU
		{D0072AF5-674B-4C41-A108-A7EF5F440349}.Debug|x86.ActiveCfg = Debug|Any CPU
		{D0072AF5-674B-4C41-A108-A7EF5F440349}.Debug|x86.Build.0 = Debug|Any CPU
		{D0072AF5-674B-4C41-A108-A7EF5F440349}.Release|Any CPU.ActiveCfg = Release|Any CPU
		{D0072AF5-674B-4C41-A108-A7EF5F440349}.Release|Any CPU.Build.0 = Release|Any CPU
		{D0072AF5-674B-4C41-A108-A7EF5F440349}.Release|x64.ActiveCfg = Release|Any CPU
		{D0072AF5-674B-4C41-A108-A7EF5F440349}.Release|x64.Build.0 = Release|Any CPU
		{D0072AF5-674B-4C41-A108-A7EF5F440349}.Release|x86.ActiveCfg = Release|Any CPU
		{D0072AF5-674B-4C41-A108-A7EF5F440349}.Release|x86.Build.0 = Release|Any CPU
		{3502296B-E1D4-4B5B-8DE6-F5CE984937A6}.Debug|Any CPU.ActiveCfg = Debug|Any CPU
		{3502296B-E1D4-4B5B-8DE6-F5CE984937A6}.Debug|Any CPU.Build.0 = Debug|Any CPU
		{3502296B-E1D4-4B5B-8DE6-F5CE984937A6}.Debug|x64.ActiveCfg = Debug|Any CPU
		{3502296B-E1D4-4B5B-8DE6-F5CE984937A6}.Debug|x64.Build.0 = Debug|Any CPU
		{3502296B-E1D4-4B5B-8DE6-F5CE984937A6}.Debug|x86.ActiveCfg = Debug|Any CPU
		{3502296B-E1D4-4B5B-8DE6-F5CE984937A6}.Debug|x86.Build.0 = Debug|Any CPU
		{3502296B-E1D4-4B5B-8DE6-F5CE984937A6}.Release|Any CPU.ActiveCfg = Release|Any CPU
		{3502296B-E1D4-4B5B-8DE6-F5CE984937A6}.Release|Any CPU.Build.0 = Release|Any CPU
		{3502296B-E1D4-4B5B-8DE6-F5CE984937A6}.Release|x64.ActiveCfg = Release|Any CPU
		{3502296B-E1D4-4B5B-8DE6-F5CE984937A6}.Release|x64.Build.0 = Release|Any CPU
		{3502296B-E1D4-4B5B-8DE6-F5CE984937A6}.Release|x86.ActiveCfg = Release|Any CPU
		{3502296B-E1D4-4B5B-8DE6-F5CE984937A6}.Release|x86.Build.0 = Release|Any CPU
		{51ADEC64-9FDF-4015-9F5B-823DF6D76792}.Debug|Any CPU.ActiveCfg = Debug|Any CPU
		{51ADEC64-9FDF-4015-9F5B-823DF6D76792}.Debug|Any CPU.Build.0 = Debug|Any CPU
		{51ADEC64-9FDF-4015-9F5B-823DF6D76792}.Debug|x64.ActiveCfg = Debug|Any CPU
		{51ADEC64-9FDF-4015-9F5B-823DF6D76792}.Debug|x64.Build.0 = Debug|Any CPU
		{51ADEC64-9FDF-4015-9F5B-823DF6D76792}.Debug|x86.ActiveCfg = Debug|Any CPU
		{51ADEC64-9FDF-4015-9F5B-823DF6D76792}.Debug|x86.Build.0 = Debug|Any CPU
		{51ADEC64-9FDF-4015-9F5B-823DF6D76792}.Release|Any CPU.ActiveCfg = Release|Any CPU
		{51ADEC64-9FDF-4015-9F5B-823DF6D76792}.Release|Any CPU.Build.0 = Release|Any CPU
		{51ADEC64-9FDF-4015-9F5B-823DF6D76792}.Release|x64.ActiveCfg = Release|Any CPU
		{51ADEC64-9FDF-4015-9F5B-823DF6D76792}.Release|x64.Build.0 = Release|Any CPU
		{51ADEC64-9FDF-4015-9F5B-823DF6D76792}.Release|x86.ActiveCfg = Release|Any CPU
		{51ADEC64-9FDF-4015-9F5B-823DF6D76792}.Release|x86.Build.0 = Release|Any CPU
		{C01C3A85-B482-4131-BCDD-7EE7C2A1F5D9}.Debug|Any CPU.ActiveCfg = Debug|Any CPU
		{C01C3A85-B482-4131-BCDD-7EE7C2A1F5D9}.Debug|Any CPU.Build.0 = Debug|Any CPU
		{C01C3A85-B482-4131-BCDD-7EE7C2A1F5D9}.Debug|x64.ActiveCfg = Debug|Any CPU
		{C01C3A85-B482-4131-BCDD-7EE7C2A1F5D9}.Debug|x64.Build.0 = Debug|Any CPU
		{C01C3A85-B482-4131-BCDD-7EE7C2A1F5D9}.Debug|x86.ActiveCfg = Debug|Any CPU
		{C01C3A85-B482-4131-BCDD-7EE7C2A1F5D9}.Debug|x86.Build.0 = Debug|Any CPU
		{C01C3A85-B482-4131-BCDD-7EE7C2A1F5D9}.Release|Any CPU.ActiveCfg = Release|Any CPU
		{C01C3A85-B482-4131-BCDD-7EE7C2A1F5D9}.Release|Any CPU.Build.0 = Release|Any CPU
		{C01C3A85-B482-4131-BCDD-7EE7C2A1F5D9}.Release|x64.ActiveCfg = Release|Any CPU
		{C01C3A85-B482-4131-BCDD-7EE7C2A1F5D9}.Release|x64.Build.0 = Release|Any CPU
		{C01C3A85-B482-4131-BCDD-7EE7C2A1F5D9}.Release|x86.ActiveCfg = Release|Any CPU
		{C01C3A85-B482-4131-BCDD-7EE7C2A1F5D9}.Release|x86.Build.0 = Release|Any CPU
		{A44D2E7B-818E-42ED-B7D3-C16AD68ACA0F}.Debug|Any CPU.ActiveCfg = Debug|Any CPU
		{A44D2E7B-818E-42ED-B7D3-C16AD68ACA0F}.Debug|Any CPU.Build.0 = Debug|Any CPU
		{A44D2E7B-818E-42ED-B7D3-C16AD68ACA0F}.Debug|x64.ActiveCfg = Debug|Any CPU
		{A44D2E7B-818E-42ED-B7D3-C16AD68ACA0F}.Debug|x64.Build.0 = Debug|Any CPU
		{A44D2E7B-818E-42ED-B7D3-C16AD68ACA0F}.Debug|x86.ActiveCfg = Debug|Any CPU
		{A44D2E7B-818E-42ED-B7D3-C16AD68ACA0F}.Debug|x86.Build.0 = Debug|Any CPU
		{A44D2E7B-818E-42ED-B7D3-C16AD68ACA0F}.Release|Any CPU.ActiveCfg = Release|Any CPU
		{A44D2E7B-818E-42ED-B7D3-C16AD68ACA0F}.Release|Any CPU.Build.0 = Release|Any CPU
		{A44D2E7B-818E-42ED-B7D3-C16AD68ACA0F}.Release|x64.ActiveCfg = Release|Any CPU
		{A44D2E7B-818E-42ED-B7D3-C16AD68ACA0F}.Release|x64.Build.0 = Release|Any CPU
		{A44D2E7B-818E-42ED-B7D3-C16AD68ACA0F}.Release|x86.ActiveCfg = Release|Any CPU
		{A44D2E7B-818E-42ED-B7D3-C16AD68ACA0F}.Release|x86.Build.0 = Release|Any CPU
		{02904983-D261-4F2C-8E21-75D33E63C4B0}.Debug|Any CPU.ActiveCfg = Debug|Any CPU
		{02904983-D261-4F2C-8E21-75D33E63C4B0}.Debug|Any CPU.Build.0 = Debug|Any CPU
		{02904983-D261-4F2C-8E21-75D33E63C4B0}.Debug|x64.ActiveCfg = Debug|Any CPU
		{02904983-D261-4F2C-8E21-75D33E63C4B0}.Debug|x64.Build.0 = Debug|Any CPU
		{02904983-D261-4F2C-8E21-75D33E63C4B0}.Debug|x86.ActiveCfg = Debug|Any CPU
		{02904983-D261-4F2C-8E21-75D33E63C4B0}.Debug|x86.Build.0 = Debug|Any CPU
		{02904983-D261-4F2C-8E21-75D33E63C4B0}.Release|Any CPU.ActiveCfg = Release|Any CPU
		{02904983-D261-4F2C-8E21-75D33E63C4B0}.Release|Any CPU.Build.0 = Release|Any CPU
		{02904983-D261-4F2C-8E21-75D33E63C4B0}.Release|x64.ActiveCfg = Release|Any CPU
		{02904983-D261-4F2C-8E21-75D33E63C4B0}.Release|x64.Build.0 = Release|Any CPU
		{02904983-D261-4F2C-8E21-75D33E63C4B0}.Release|x86.ActiveCfg = Release|Any CPU
		{02904983-D261-4F2C-8E21-75D33E63C4B0}.Release|x86.Build.0 = Release|Any CPU
		{D2E126C4-3BA4-43E9-AF5D-B023253EA41F}.Debug|Any CPU.ActiveCfg = Debug|Any CPU
		{D2E126C4-3BA4-43E9-AF5D-B023253EA41F}.Debug|Any CPU.Build.0 = Debug|Any CPU
		{D2E126C4-3BA4-43E9-AF5D-B023253EA41F}.Debug|x64.ActiveCfg = Debug|Any CPU
		{D2E126C4-3BA4-43E9-AF5D-B023253EA41F}.Debug|x64.Build.0 = Debug|Any CPU
		{D2E126C4-3BA4-43E9-AF5D-B023253EA41F}.Debug|x86.ActiveCfg = Debug|Any CPU
		{D2E126C4-3BA4-43E9-AF5D-B023253EA41F}.Debug|x86.Build.0 = Debug|Any CPU
		{D2E126C4-3BA4-43E9-AF5D-B023253EA41F}.Release|Any CPU.ActiveCfg = Release|Any CPU
		{D2E126C4-3BA4-43E9-AF5D-B023253EA41F}.Release|Any CPU.Build.0 = Release|Any CPU
		{D2E126C4-3BA4-43E9-AF5D-B023253EA41F}.Release|x64.ActiveCfg = Release|Any CPU
		{D2E126C4-3BA4-43E9-AF5D-B023253EA41F}.Release|x64.Build.0 = Release|Any CPU
		{D2E126C4-3BA4-43E9-AF5D-B023253EA41F}.Release|x86.ActiveCfg = Release|Any CPU
		{D2E126C4-3BA4-43E9-AF5D-B023253EA41F}.Release|x86.Build.0 = Release|Any CPU
		{B391DF5D-D011-4544-A25E-FED0BB647E24}.Debug|Any CPU.ActiveCfg = Debug|Any CPU
		{B391DF5D-D011-4544-A25E-FED0BB647E24}.Debug|Any CPU.Build.0 = Debug|Any CPU
		{B391DF5D-D011-4544-A25E-FED0BB647E24}.Debug|x64.ActiveCfg = Debug|Any CPU
		{B391DF5D-D011-4544-A25E-FED0BB647E24}.Debug|x64.Build.0 = Debug|Any CPU
		{B391DF5D-D011-4544-A25E-FED0BB647E24}.Debug|x86.ActiveCfg = Debug|Any CPU
		{B391DF5D-D011-4544-A25E-FED0BB647E24}.Debug|x86.Build.0 = Debug|Any CPU
		{B391DF5D-D011-4544-A25E-FED0BB647E24}.Release|Any CPU.ActiveCfg = Release|Any CPU
		{B391DF5D-D011-4544-A25E-FED0BB647E24}.Release|Any CPU.Build.0 = Release|Any CPU
		{B391DF5D-D011-4544-A25E-FED0BB647E24}.Release|x64.ActiveCfg = Release|Any CPU
		{B391DF5D-D011-4544-A25E-FED0BB647E24}.Release|x64.Build.0 = Release|Any CPU
		{B391DF5D-D011-4544-A25E-FED0BB647E24}.Release|x86.ActiveCfg = Release|Any CPU
		{B391DF5D-D011-4544-A25E-FED0BB647E24}.Release|x86.Build.0 = Release|Any CPU
		{55493C90-237F-4C16-BE0C-1FEC7D6CCEE1}.Debug|Any CPU.ActiveCfg = Debug|Any CPU
		{55493C90-237F-4C16-BE0C-1FEC7D6CCEE1}.Debug|Any CPU.Build.0 = Debug|Any CPU
		{55493C90-237F-4C16-BE0C-1FEC7D6CCEE1}.Debug|x64.ActiveCfg = Debug|Any CPU
		{55493C90-237F-4C16-BE0C-1FEC7D6CCEE1}.Debug|x64.Build.0 = Debug|Any CPU
		{55493C90-237F-4C16-BE0C-1FEC7D6CCEE1}.Debug|x86.ActiveCfg = Debug|Any CPU
		{55493C90-237F-4C16-BE0C-1FEC7D6CCEE1}.Debug|x86.Build.0 = Debug|Any CPU
		{55493C90-237F-4C16-BE0C-1FEC7D6CCEE1}.Release|Any CPU.ActiveCfg = Release|Any CPU
		{55493C90-237F-4C16-BE0C-1FEC7D6CCEE1}.Release|Any CPU.Build.0 = Release|Any CPU
		{55493C90-237F-4C16-BE0C-1FEC7D6CCEE1}.Release|x64.ActiveCfg = Release|Any CPU
		{55493C90-237F-4C16-BE0C-1FEC7D6CCEE1}.Release|x64.Build.0 = Release|Any CPU
		{55493C90-237F-4C16-BE0C-1FEC7D6CCEE1}.Release|x86.ActiveCfg = Release|Any CPU
		{55493C90-237F-4C16-BE0C-1FEC7D6CCEE1}.Release|x86.Build.0 = Release|Any CPU
	EndGlobalSection
	GlobalSection(SolutionProperties) = preSolution
		HideSolutionNode = FALSE
	EndGlobalSection
	GlobalSection(NestedProjects) = preSolution
		{985935C1-7843-443D-A258-ACF2C2D0BAE2} = {A13AB492-9137-4028-AEDF-DB1E58267EF7}
		{0D9CEDEE-B500-4D7F-BE8D-34AE92966A57} = {A13AB492-9137-4028-AEDF-DB1E58267EF7}
		{5EFEB2BD-9B16-4BC8-A8C6-C01CC3693ECE} = {A13AB492-9137-4028-AEDF-DB1E58267EF7}
		{D0072AF5-674B-4C41-A108-A7EF5F440349} = {A13AB492-9137-4028-AEDF-DB1E58267EF7}
		{3502296B-E1D4-4B5B-8DE6-F5CE984937A6} = {A13AB492-9137-4028-AEDF-DB1E58267EF7}
		{51ADEC64-9FDF-4015-9F5B-823DF6D76792} = {A13AB492-9137-4028-AEDF-DB1E58267EF7}
		{C01C3A85-B482-4131-BCDD-7EE7C2A1F5D9} = {A13AB492-9137-4028-AEDF-DB1E58267EF7}
		{A44D2E7B-818E-42ED-B7D3-C16AD68ACA0F} = {A13AB492-9137-4028-AEDF-DB1E58267EF7}
		{02904983-D261-4F2C-8E21-75D33E63C4B0} = {A13AB492-9137-4028-AEDF-DB1E58267EF7}
		{D2E126C4-3BA4-43E9-AF5D-B023253EA41F} = {A13AB492-9137-4028-AEDF-DB1E58267EF7}
		{B391DF5D-D011-4544-A25E-FED0BB647E24} = {A13AB492-9137-4028-AEDF-DB1E58267EF7}
		{55493C90-237F-4C16-BE0C-1FEC7D6CCEE1} = {A13AB492-9137-4028-AEDF-DB1E58267EF7}
	EndGlobalSection
	GlobalSection(ExtensibilityGlobals) = postSolution
		SolutionGuid = {507AFDBD-9BB3-49D5-937A-7E8A643725AE}
	EndGlobalSection
EndGlobal
