
Microsoft Visual Studio Solution File, Format Version 12.00
# Visual Studio Version 16
VisualStudioVersion = 16.0.30114.105
MinimumVisualStudioVersion = 10.0.40219.1
Project("{FAE04EC0-301F-11D3-BF4B-00C04F79EFBC}") = "R5T.Tromso.Host", "R5T.Tromso.Host\R5T.Tromso.Host.csproj", "{2F1854C7-F7A2-44B5-9E52-A779D0A884B5}"
EndProject
Project("{FAE04EC0-301F-11D3-BF4B-00C04F79EFBC}") = "R5T.Tromso.Host.Construction", "R5T.Tromso.Host.Construction\R5T.Tromso.Host.Construction.csproj", "{6438C3C5-A283-462C-BF18-A5F8FBF34744}"
EndProject
Project("{FAE04EC0-301F-11D3-BF4B-00C04F79EFBC}") = "R5T.Tromso.Host.Testing", "R5T.Tromso.Host.Testing\R5T.Tromso.Host.Testing.csproj", "{63ADD82D-B676-4423-867E-075F8CB396B9}"
EndProject
Global
	GlobalSection(SolutionConfigurationPlatforms) = preSolution
		Debug|Any CPU = Debug|Any CPU
		Debug|x64 = Debug|x64
		Debug|x86 = Debug|x86
		Release|Any CPU = Release|Any CPU
		Release|x64 = Release|x64
		Release|x86 = Release|x86
	EndGlobalSection
	GlobalSection(SolutionProperties) = preSolution
		HideSolutionNode = FALSE
	EndGlobalSection
	GlobalSection(ProjectConfigurationPlatforms) = postSolution
		{2F1854C7-F7A2-44B5-9E52-A779D0A884B5}.Debug|Any CPU.ActiveCfg = Debug|Any CPU
		{2F1854C7-F7A2-44B5-9E52-A779D0A884B5}.Debug|Any CPU.Build.0 = Debug|Any CPU
		{2F1854C7-F7A2-44B5-9E52-A779D0A884B5}.Debug|x64.ActiveCfg = Debug|Any CPU
		{2F1854C7-F7A2-44B5-9E52-A779D0A884B5}.Debug|x64.Build.0 = Debug|Any CPU
		{2F1854C7-F7A2-44B5-9E52-A779D0A884B5}.Debug|x86.ActiveCfg = Debug|Any CPU
		{2F1854C7-F7A2-44B5-9E52-A779D0A884B5}.Debug|x86.Build.0 = Debug|Any CPU
		{2F1854C7-F7A2-44B5-9E52-A779D0A884B5}.Release|Any CPU.ActiveCfg = Release|Any CPU
		{2F1854C7-F7A2-44B5-9E52-A779D0A884B5}.Release|Any CPU.Build.0 = Release|Any CPU
		{2F1854C7-F7A2-44B5-9E52-A779D0A884B5}.Release|x64.ActiveCfg = Release|Any CPU
		{2F1854C7-F7A2-44B5-9E52-A779D0A884B5}.Release|x64.Build.0 = Release|Any CPU
		{2F1854C7-F7A2-44B5-9E52-A779D0A884B5}.Release|x86.ActiveCfg = Release|Any CPU
		{2F1854C7-F7A2-44B5-9E52-A779D0A884B5}.Release|x86.Build.0 = Release|Any CPU
		{6438C3C5-A283-462C-BF18-A5F8FBF34744}.Debug|Any CPU.ActiveCfg = Debug|Any CPU
		{6438C3C5-A283-462C-BF18-A5F8FBF34744}.Debug|Any CPU.Build.0 = Debug|Any CPU
		{6438C3C5-A283-462C-BF18-A5F8FBF34744}.Debug|x64.ActiveCfg = Debug|Any CPU
		{6438C3C5-A283-462C-BF18-A5F8FBF34744}.Debug|x64.Build.0 = Debug|Any CPU
		{6438C3C5-A283-462C-BF18-A5F8FBF34744}.Debug|x86.ActiveCfg = Debug|Any CPU
		{6438C3C5-A283-462C-BF18-A5F8FBF34744}.Debug|x86.Build.0 = Debug|Any CPU
		{6438C3C5-A283-462C-BF18-A5F8FBF34744}.Release|Any CPU.ActiveCfg = Release|Any CPU
		{6438C3C5-A283-462C-BF18-A5F8FBF34744}.Release|Any CPU.Build.0 = Release|Any CPU
		{6438C3C5-A283-462C-BF18-A5F8FBF34744}.Release|x64.ActiveCfg = Release|Any CPU
		{6438C3C5-A283-462C-BF18-A5F8FBF34744}.Release|x64.Build.0 = Release|Any CPU
		{6438C3C5-A283-462C-BF18-A5F8FBF34744}.Release|x86.ActiveCfg = Release|Any CPU
		{6438C3C5-A283-462C-BF18-A5F8FBF34744}.Release|x86.Build.0 = Release|Any CPU
		{63ADD82D-B676-4423-867E-075F8CB396B9}.Debug|Any CPU.ActiveCfg = Debug|Any CPU
		{63ADD82D-B676-4423-867E-075F8CB396B9}.Debug|Any CPU.Build.0 = Debug|Any CPU
		{63ADD82D-B676-4423-867E-075F8CB396B9}.Debug|x64.ActiveCfg = Debug|Any CPU
		{63ADD82D-B676-4423-867E-075F8CB396B9}.Debug|x64.Build.0 = Debug|Any CPU
		{63ADD82D-B676-4423-867E-075F8CB396B9}.Debug|x86.ActiveCfg = Debug|Any CPU
		{63ADD82D-B676-4423-867E-075F8CB396B9}.Debug|x86.Build.0 = Debug|Any CPU
		{63ADD82D-B676-4423-867E-075F8CB396B9}.Release|Any CPU.ActiveCfg = Release|Any CPU
		{63ADD82D-B676-4423-867E-075F8CB396B9}.Release|Any CPU.Build.0 = Release|Any CPU
		{63ADD82D-B676-4423-867E-075F8CB396B9}.Release|x64.ActiveCfg = Release|Any CPU
		{63ADD82D-B676-4423-867E-075F8CB396B9}.Release|x64.Build.0 = Release|Any CPU
		{63ADD82D-B676-4423-867E-075F8CB396B9}.Release|x86.ActiveCfg = Release|Any CPU
		{63ADD82D-B676-4423-867E-075F8CB396B9}.Release|x86.Build.0 = Release|Any CPU
	EndGlobalSection
EndGlobal
